
Microsoft Visual Studio Solution File, Format Version 12.00
# Visual Studio Version 17
VisualStudioVersion = 17.0.31903.59
MinimumVisualStudioVersion = 10.0.40219.1
Project("{2150E333-8FDC-42A3-9474-1A3956D46DE8}") = "src", "src", "{C3EF7171-5B3A-4574-A859-BDAE4B8814F1}"
EndProject
Project("{FAE04EC0-301F-11D3-BF4B-00C04F79EFBC}") = "AuctionService", "src\AuctionService\AuctionService.csproj", "{69CD7E4A-73DF-4459-87FA-D422A1618A63}"
EndProject
Project("{FAE04EC0-301F-11D3-BF4B-00C04F79EFBC}") = "SearchService", "src\SearchService\SearchService.csproj", "{B935408A-50FC-4CAE-88D9-0BB5DD4F8E0E}"
EndProject
Project("{FAE04EC0-301F-11D3-BF4B-00C04F79EFBC}") = "Contracts", "src\Contracts\Contracts.csproj", "{4BBE652A-B94A-427E-8913-28508A69E924}"
EndProject
Project("{FAE04EC0-301F-11D3-BF4B-00C04F79EFBC}") = "IdentityService", "src\IdentityService\IdentityService.csproj", "{4BFCFAEC-4CF9-4D9A-AD12-A54325DD3712}"
EndProject
Project("{FAE04EC0-301F-11D3-BF4B-00C04F79EFBC}") = "Gatewayservice", "src\Gatewayservice\Gatewayservice.csproj", "{D938CEF7-8E15-4A62-A212-97E7FBEB7A37}"
EndProject
Global
	GlobalSection(SolutionConfigurationPlatforms) = preSolution
		Debug|Any CPU = Debug|Any CPU
		Release|Any CPU = Release|Any CPU
	EndGlobalSection
	GlobalSection(SolutionProperties) = preSolution
		HideSolutionNode = FALSE
	EndGlobalSection
	GlobalSection(ProjectConfigurationPlatforms) = postSolution
		{69CD7E4A-73DF-4459-87FA-D422A1618A63}.Debug|Any CPU.ActiveCfg = Debug|Any CPU
		{69CD7E4A-73DF-4459-87FA-D422A1618A63}.Debug|Any CPU.Build.0 = Debug|Any CPU
		{69CD7E4A-73DF-4459-87FA-D422A1618A63}.Release|Any CPU.ActiveCfg = Release|Any CPU
		{69CD7E4A-73DF-4459-87FA-D422A1618A63}.Release|Any CPU.Build.0 = Release|Any CPU
		{B935408A-50FC-4CAE-88D9-0BB5DD4F8E0E}.Debug|Any CPU.ActiveCfg = Debug|Any CPU
		{B935408A-50FC-4CAE-88D9-0BB5DD4F8E0E}.Debug|Any CPU.Build.0 = Debug|Any CPU
		{B935408A-50FC-4CAE-88D9-0BB5DD4F8E0E}.Release|Any CPU.ActiveCfg = Release|Any CPU
		{B935408A-50FC-4CAE-88D9-0BB5DD4F8E0E}.Release|Any CPU.Build.0 = Release|Any CPU
		{4BBE652A-B94A-427E-8913-28508A69E924}.Debug|Any CPU.ActiveCfg = Debug|Any CPU
		{4BBE652A-B94A-427E-8913-28508A69E924}.Debug|Any CPU.Build.0 = Debug|Any CPU
		{4BBE652A-B94A-427E-8913-28508A69E924}.Release|Any CPU.ActiveCfg = Release|Any CPU
		{4BBE652A-B94A-427E-8913-28508A69E924}.Release|Any CPU.Build.0 = Release|Any CPU
		{4BFCFAEC-4CF9-4D9A-AD12-A54325DD3712}.Debug|Any CPU.ActiveCfg = Debug|Any CPU
		{4BFCFAEC-4CF9-4D9A-AD12-A54325DD3712}.Debug|Any CPU.Build.0 = Debug|Any CPU
		{4BFCFAEC-4CF9-4D9A-AD12-A54325DD3712}.Release|Any CPU.ActiveCfg = Release|Any CPU
		{4BFCFAEC-4CF9-4D9A-AD12-A54325DD3712}.Release|Any CPU.Build.0 = Release|Any CPU
		{D938CEF7-8E15-4A62-A212-97E7FBEB7A37}.Debug|Any CPU.ActiveCfg = Debug|Any CPU
		{D938CEF7-8E15-4A62-A212-97E7FBEB7A37}.Debug|Any CPU.Build.0 = Debug|Any CPU
		{D938CEF7-8E15-4A62-A212-97E7FBEB7A37}.Release|Any CPU.ActiveCfg = Release|Any CPU
		{D938CEF7-8E15-4A62-A212-97E7FBEB7A37}.Release|Any CPU.Build.0 = Release|Any CPU
	EndGlobalSection
	GlobalSection(NestedProjects) = preSolution
		{69CD7E4A-73DF-4459-87FA-D422A1618A63} = {C3EF7171-5B3A-4574-A859-BDAE4B8814F1}
		{B935408A-50FC-4CAE-88D9-0BB5DD4F8E0E} = {C3EF7171-5B3A-4574-A859-BDAE4B8814F1}
		{4BBE652A-B94A-427E-8913-28508A69E924} = {C3EF7171-5B3A-4574-A859-BDAE4B8814F1}
		{4BFCFAEC-4CF9-4D9A-AD12-A54325DD3712} = {C3EF7171-5B3A-4574-A859-BDAE4B8814F1}
		{D938CEF7-8E15-4A62-A212-97E7FBEB7A37} = {C3EF7171-5B3A-4574-A859-BDAE4B8814F1}
	EndGlobalSection
EndGlobal
